// !$*UTF8*$!
{
	archiveVersion = 1;
	classes = {
	};
	objectVersion = 50;
	objects = {

/* Begin PBXBuildFile section */
		04FFFA2D226810C000422FEE /* AppDelegate.swift in Sources */ = {isa = PBXBuildFile; fileRef = 04FFFA2C226810C000422FEE /* AppDelegate.swift */; };
		04FFFA2F226810C000422FEE /* ViewController.swift in Sources */ = {isa = PBXBuildFile; fileRef = 04FFFA2E226810C000422FEE /* ViewController.swift */; };
		04FFFA32226810C000422FEE /* Main.storyboard in Resources */ = {isa = PBXBuildFile; fileRef = 04FFFA30226810C000422FEE /* Main.storyboard */; };
		04FFFA34226810C200422FEE /* Assets.xcassets in Resources */ = {isa = PBXBuildFile; fileRef = 04FFFA33226810C200422FEE /* Assets.xcassets */; };
		04FFFA37226810C200422FEE /* LaunchScreen.storyboard in Resources */ = {isa = PBXBuildFile; fileRef = 04FFFA35226810C200422FEE /* LaunchScreen.storyboard */; };
		04FFFA3F2268268300422FEE /* QuizScene.scn in Resources */ = {isa = PBXBuildFile; fileRef = 04FFFA3E2268268300422FEE /* QuizScene.scn */; };
		04FFFA4122682C3000422FEE /* Question.swift in Sources */ = {isa = PBXBuildFile; fileRef = 04FFFA4022682C3000422FEE /* Question.swift */; };
		04FFFA43226928EF00422FEE /* Star Wars Theme Song By John Williams.mp3 in Resources */ = {isa = PBXBuildFile; fileRef = 04FFFA42226928EF00422FEE /* Star Wars Theme Song By John Williams.mp3 */; };
/* End PBXBuildFile section */

/* Begin PBXFileReference section */
		04FFFA29226810C000422FEE /* Quiz App.app */ = {isa = PBXFileReference; explicitFileType = wrapper.application; includeInIndex = 0; path = "Quiz App.app"; sourceTree = BUILT_PRODUCTS_DIR; };
		04FFFA2C226810C000422FEE /* AppDelegate.swift */ = {isa = PBXFileReference; lastKnownFileType = sourcecode.swift; path = AppDelegate.swift; sourceTree = "<group>"; };
		04FFFA2E226810C000422FEE /* ViewController.swift */ = {isa = PBXFileReference; lastKnownFileType = sourcecode.swift; path = ViewController.swift; sourceTree = "<group>"; };
		04FFFA31226810C000422FEE /* Base */ = {isa = PBXFileReference; lastKnownFileType = file.storyboard; name = Base; path = Base.lproj/Main.storyboard; sourceTree = "<group>"; };
		04FFFA33226810C200422FEE /* Assets.xcassets */ = {isa = PBXFileReference; lastKnownFileType = folder.assetcatalog; path = Assets.xcassets; sourceTree = "<group>"; };
		04FFFA36226810C200422FEE /* Base */ = {isa = PBXFileReference; lastKnownFileType = file.storyboard; name = Base; path = Base.lproj/LaunchScreen.storyboard; sourceTree = "<group>"; };
		04FFFA38226810C200422FEE /* Info.plist */ = {isa = PBXFileReference; lastKnownFileType = text.plist.xml; path = Info.plist; sourceTree = "<group>"; };
		04FFFA3E2268268300422FEE /* QuizScene.scn */ = {isa = PBXFileReference; lastKnownFileType = file.bplist; path = QuizScene.scn; sourceTree = "<group>"; };
		04FFFA4022682C3000422FEE /* Question.swift */ = {isa = PBXFileReference; lastKnownFileType = sourcecode.swift; path = Question.swift; sourceTree = "<group>"; };
		04FFFA42226928EF00422FEE /* Star Wars Theme Song By John Williams.mp3 */ = {isa = PBXFileReference; lastKnownFileType = audio.mp3; path = "Star Wars Theme Song By John Williams.mp3"; sourceTree = "<group>"; };
/* End PBXFileReference section */

/* Begin PBXFrameworksBuildPhase section */
		04FFFA26226810C000422FEE /* Frameworks */ = {
			isa = PBXFrameworksBuildPhase;
			buildActionMask = 2147483647;
			files = (
			);
			runOnlyForDeploymentPostprocessing = 0;
		};
/* End PBXFrameworksBuildPhase section */

/* Begin PBXGroup section */
		04FFFA20226810C000422FEE = {
			isa = PBXGroup;
			children = (
				04FFFA2B226810C000422FEE /* Quiz App */,
				04FFFA2A226810C000422FEE /* Products */,
			);
			sourceTree = "<group>";
		};
		04FFFA2A226810C000422FEE /* Products */ = {
			isa = PBXGroup;
			children = (
				04FFFA29226810C000422FEE /* Quiz App.app */,
			);
			name = Products;
			sourceTree = "<group>";
		};
		04FFFA2B226810C000422FEE /* Quiz App */ = {
			isa = PBXGroup;
			children = (
				04FFFA2C226810C000422FEE /* AppDelegate.swift */,
				04FFFA2E226810C000422FEE /* ViewController.swift */,
				04FFFA30226810C000422FEE /* Main.storyboard */,
				04FFFA33226810C200422FEE /* Assets.xcassets */,
				04FFFA35226810C200422FEE /* LaunchScreen.storyboard */,
				04FFFA38226810C200422FEE /* Info.plist */,
				04FFFA3E2268268300422FEE /* QuizScene.scn */,
				04FFFA4022682C3000422FEE /* Question.swift */,
				04FFFA42226928EF00422FEE /* Star Wars Theme Song By John Williams.mp3 */,
			);
			path = "Quiz App";
			sourceTree = "<group>";
		};
/* End PBXGroup section */

/* Begin PBXNativeTarget section */
		04FFFA28226810C000422FEE /* Quiz App */ = {
			isa = PBXNativeTarget;
			buildConfigurationList = 04FFFA3B226810C200422FEE /* Build configuration list for PBXNativeTarget "Quiz App" */;
			buildPhases = (
				04FFFA25226810C000422FEE /* Sources */,
				04FFFA26226810C000422FEE /* Frameworks */,
				04FFFA27226810C000422FEE /* Resources */,
			);
			buildRules = (
			);
			dependencies = (
			);
			name = "Quiz App";
			productName = "Quiz App";
			productReference = 04FFFA29226810C000422FEE /* Quiz App.app */;
			productType = "com.apple.product-type.application";
		};
/* End PBXNativeTarget section */

/* Begin PBXProject section */
		04FFFA21226810C000422FEE /* Project object */ = {
			isa = PBXProject;
			attributes = {
				LastSwiftUpdateCheck = 1020;
				LastUpgradeCheck = 1020;
				ORGANIZATIONNAME = "Saurabh Jaiswal";
				TargetAttributes = {
					04FFFA28226810C000422FEE = {
						CreatedOnToolsVersion = 10.2;
					};
				};
			};
			buildConfigurationList = 04FFFA24226810C000422FEE /* Build configuration list for PBXProject "Quiz App" */;
			compatibilityVersion = "Xcode 9.3";
			developmentRegion = en;
			hasScannedForEncodings = 0;
			knownRegions = (
				en,
				Base,
			);
			mainGroup = 04FFFA20226810C000422FEE;
			productRefGroup = 04FFFA2A226810C000422FEE /* Products */;
			projectDirPath = "";
			projectRoot = "";
			targets = (
				04FFFA28226810C000422FEE /* Quiz App */,
			);
		};
/* End PBXProject section */

/* Begin PBXResourcesBuildPhase section */
		04FFFA27226810C000422FEE /* Resources */ = {
			isa = PBXResourcesBuildPhase;
			buildActionMask = 2147483647;
			files = (
				04FFFA37226810C200422FEE /* LaunchScreen.storyboard in Resources */,
				04FFFA43226928EF00422FEE /* Star Wars Theme Song By John Williams.mp3 in Resources */,
				04FFFA34226810C200422FEE /* Assets.xcassets in Resources */,
				04FFFA3F2268268300422FEE /* QuizScene.scn in Resources */,
				04FFFA32226810C000422FEE /* Main.storyboard in Resources */,
			);
			runOnlyForDeploymentPostprocessing = 0;
		};
/* End PBXResourcesBuildPhase section */

/* Begin PBXSourcesBuildPhase section */
		04FFFA25226810C000422FEE /* Sources */ = {
			isa = PBXSourcesBuildPhase;
			buildActionMask = 2147483647;
			files = (
				04FFFA4122682C3000422FEE /* Question.swift in Sources */,
				04FFFA2F226810C000422FEE /* ViewController.swift in Sources */,
				04FFFA2D226810C000422FEE /* AppDelegate.swift in Sources */,
			);
			runOnlyForDeploymentPostprocessing = 0;
		};
/* End PBXSourcesBuildPhase section */

/* Begin PBXVariantGroup section */
		04FFFA30226810C000422FEE /* Main.storyboard */ = {
			isa = PBXVariantGroup;
			children = (
				04FFFA31226810C000422FEE /* Base */,
			);
			name = Main.storyboard;
			sourceTree = "<group>";
		};
		04FFFA35226810C200422FEE /* LaunchScreen.storyboard */ = {
			isa = PBXVariantGroup;
			children = (
				04FFFA36226810C200422FEE /* Base */,
			);
			name = LaunchScreen.storyboard;
			sourceTree = "<group>";
		};
/* End PBXVariantGroup section */

/* Begin XCBuildConfiguration section */
		04FFFA39226810C200422FEE /* Debug */ = {
			isa = XCBuildConfiguration;
			buildSettings = {
				ALWAYS_SEARCH_USER_PATHS = NO;
				CLANG_ANALYZER_NONNULL = YES;
				CLANG_ANALYZER_NUMBER_OBJECT_CONVERSION = YES_AGGRESSIVE;
				CLANG_CXX_LANGUAGE_STANDARD = "gnu++14";
				CLANG_CXX_LIBRARY = "libc++";
				CLANG_ENABLE_MODULES = YES;
				CLANG_ENABLE_OBJC_ARC = YES;
				CLANG_ENABLE_OBJC_WEAK = YES;
				CLANG_WARN_BLOCK_CAPTURE_AUTORELEASING = YES;
				CLANG_WARN_BOOL_CONVERSION = YES;
				CLANG_WARN_COMMA = YES;
				CLANG_WARN_CONSTANT_CONVERSION = YES;
				CLANG_WARN_DEPRECATED_OBJC_IMPLEMENTATIONS = YES;
				CLANG_WARN_DIRECT_OBJC_ISA_USAGE = YES_ERROR;
				CLANG_WARN_DOCUMENTATION_COMMENTS = YES;
				CLANG_WARN_EMPTY_BODY = YES;
				CLANG_WARN_ENUM_CONVERSION = YES;
				CLANG_WARN_INFINITE_RECURSION = YES;
				CLANG_WARN_INT_CONVERSION = YES;
				CLANG_WARN_NON_LITERAL_NULL_CONVERSION = YES;
				CLANG_WARN_OBJC_IMPLICIT_RETAIN_SELF = YES;
				CLANG_WARN_OBJC_LITERAL_CONVERSION = YES;
				CLANG_WARN_OBJC_ROOT_CLASS = YES_ERROR;
				CLANG_WARN_RANGE_LOOP_ANALYSIS = YES;
				CLANG_WARN_STRICT_PROTOTYPES = YES;
				CLANG_WARN_SUSPICIOUS_MOVE = YES;
				CLANG_WARN_UNGUARDED_AVAILABILITY = YES_AGGRESSIVE;
				CLANG_WARN_UNREACHABLE_CODE = YES;
				CLANG_WARN__DUPLICATE_METHOD_MATCH = YES;
				CODE_SIGN_IDENTITY = "iPhone Developer";
				COPY_PHASE_STRIP = NO;
				DEBUG_INFORMATION_FORMAT = dwarf;
				ENABLE_STRICT_OBJC_MSGSEND = YES;
				ENABLE_TESTABILITY = YES;
				GCC_C_LANGUAGE_STANDARD = gnu11;
				GCC_DYNAMIC_NO_PIC = NO;
				GCC_NO_COMMON_BLOCKS = YES;
				GCC_OPTIMIZATION_LEVEL = 0;
				GCC_PREPROCESSOR_DEFINITIONS = (
					"DEBUG=1",
					"$(inherited)",
				);
				GCC_WARN_64_TO_32_BIT_CONVERSION = YES;
				GCC_WARN_ABOUT_RETURN_TYPE = YES_ERROR;
				GCC_WARN_UNDECLARED_SELECTOR = YES;
				GCC_WARN_UNINITIALIZED_AUTOS = YES_AGGRESSIVE;
				GCC_WARN_UNUSED_FUNCTION = YES;
				GCC_WARN_UNUSED_VARIABLE = YES;
				IPHONEOS_DEPLOYMENT_TARGET = 12.2;
				MTL_ENABLE_DEBUG_INFO = INCLUDE_SOURCE;
				MTL_FAST_MATH = YES;
				ONLY_ACTIVE_ARCH = YES;
				SDKROOT = iphoneos;
				SWIFT_ACTIVE_COMPILATION_CONDITIONS = DEBUG;
				SWIFT_OPTIMIZATION_LEVEL = "-Onone";
			};
			name = Debug;
		};
		04FFFA3A226810C200422FEE /* Release */ = {
			isa = XCBuildConfiguration;
			buildSettings = {
				ALWAYS_SEARCH_USER_PATHS = NO;
				CLANG_ANALYZER_NONNULL = YES;
				CLANG_ANALYZER_NUMBER_OBJECT_CONVERSION = YES_AGGRESSIVE;
				CLANG_CXX_LANGUAGE_STANDARD = "gnu++14";
				CLANG_CXX_LIBRARY = "libc++";
				CLANG_ENABLE_MODULES = YES;
				CLANG_ENABLE_OBJC_ARC = YES;
				CLANG_ENABLE_OBJC_WEAK = YES;
				CLANG_WARN_BLOCK_CAPTURE_AUTORELEASING = YES;
				CLANG_WARN_BOOL_CONVERSION = YES;
				CLANG_WARN_COMMA = YES;
				CLANG_WARN_CONSTANT_CONVERSION = YES;
				CLANG_WARN_DEPRECATED_OBJC_IMPLEMENTATIONS = YES;
				CLANG_WARN_DIRECT_OBJC_ISA_USAGE = YES_ERROR;
				CLANG_WARN_DOCUMENTATION_COMMENTS = YES;
				CLANG_WARN_EMPTY_BODY = YES;
				CLANG_WARN_ENUM_CONVERSION = YES;
				CLANG_WARN_INFINITE_RECURSION = YES;
				CLANG_WARN_INT_CONVERSION = YES;
				CLANG_WARN_NON_LITERAL_NULL_CONVERSION = YES;
				CLANG_WARN_OBJC_IMPLICIT_RETAIN_SELF = YES;
				CLANG_WARN_OBJC_LITERAL_CONVERSION = YES;
				CLANG_WARN_OBJC_ROOT_CLASS = YES_ERROR;
				CLANG_WARN_RANGE_LOOP_ANALYSIS = YES;
				CLANG_WARN_STRICT_PROTOTYPES = YES;
				CLANG_WARN_SUSPICIOUS_MOVE = YES;
				CLANG_WARN_UNGUARDED_AVAILABILITY = YES_AGGRESSIVE;
				CLANG_WARN_UNREACHABLE_CODE = YES;
				CLANG_WARN__DUPLICATE_METHOD_MATCH = YES;
				CODE_SIGN_IDENTITY = "iPhone Developer";
				COPY_PHASE_STRIP = NO;
				DEBUG_INFORMATION_FORMAT = "dwarf-with-dsym";
				ENABLE_NS_ASSERTIONS = NO;
				ENABLE_STRICT_OBJC_MSGSEND = YES;
				GCC_C_LANGUAGE_STANDARD = gnu11;
				GCC_NO_COMMON_BLOCKS = YES;
				GCC_WARN_64_TO_32_BIT_CONVERSION = YES;
				GCC_WARN_ABOUT_RETURN_TYPE = YES_ERROR;
				GCC_WARN_UNDECLARED_SELECTOR = YES;
				GCC_WARN_UNINITIALIZED_AUTOS = YES_AGGRESSIVE;
				GCC_WARN_UNUSED_FUNCTION = YES;
				GCC_WARN_UNUSED_VARIABLE = YES;
				IPHONEOS_DEPLOYMENT_TARGET = 12.2;
				MTL_ENABLE_DEBUG_INFO = NO;
				MTL_FAST_MATH = YES;
				SDKROOT = iphoneos;
				SWIFT_COMPILATION_MODE = wholemodule;
				SWIFT_OPTIMIZATION_LEVEL = "-O";
				VALIDATE_PRODUCT = YES;
			};
			name = Release;
		};
		04FFFA3C226810C200422FEE /* Debug */ = {
			isa = XCBuildConfiguration;
			buildSettings = {
				ASSETCATALOG_COMPILER_APPICON_NAME = AppIcon;
				CODE_SIGN_STYLE = Automatic;
				DEVELOPMENT_TEAM = V7J286K6LX;
				INFOPLIST_FILE = "Quiz App/Info.plist";
				LD_RUNPATH_SEARCH_PATHS = (
					"$(inherited)",
					"@executable_path/Frameworks",
				);
				PRODUCT_BUNDLE_IDENTIFIER = "com.saurabhjaiswal.Quiz-App";
				PRODUCT_NAME = "$(TARGET_NAME)";
				SWIFT_VERSION = 5.0;
				TARGETED_DEVICE_FAMILY = "1,2";
			};
			name = Debug;
		};
		04FFFA3D226810C200422FEE /* Release */ = {
			isa = XCBuildConfiguration;
			buildSettings = {
				ASSETCATALOG_COMPILER_APPICON_NAME = AppIcon;
				CODE_SIGN_STYLE = Automatic;
				DEVELOPMENT_TEAM = V7J286K6LX;
				INFOPLIST_FILE = "Quiz App/Info.plist";
				LD_RUNPATH_SEARCH_PATHS = (
					"$(inherited)",
					"@executable_path/Frameworks",
				);
				PRODUCT_BUNDLE_IDENTIFIER = "com.saurabhjaiswal.Quiz-App";
				PRODUCT_NAME = "$(TARGET_NAME)";
				SWIFT_VERSION = 5.0;
				TARGETED_DEVICE_FAMILY = "1,2";
			};
			name = Release;
		};
/* End XCBuildConfiguration section */

/* Begin XCConfigurationList section */
		04FFFA24226810C000422FEE /* Build configuration list for PBXProject "Quiz App" */ = {
			isa = XCConfigurationList;
			buildConfigurations = (
				04FFFA39226810C200422FEE /* Debug */,
				04FFFA3A226810C200422FEE /* Release */,
			);
			defaultConfigurationIsVisible = 0;
			defaultConfigurationName = Release;
		};
		04FFFA3B226810C200422FEE /* Build configuration list for PBXNativeTarget "Quiz App" */ = {
			isa = XCConfigurationList;
			buildConfigurations = (
				04FFFA3C226810C200422FEE /* Debug */,
				04FFFA3D226810C200422FEE /* Release */,
			);
			defaultConfigurationIsVisible = 0;
			defaultConfigurationName = Release;
		};
/* End XCConfigurationList section */
	};
	rootObject = 04FFFA21226810C000422FEE /* Project object */;
}
